// !$*UTF8*$!
{
	archiveVersion = 1;
	classes = {
	};
	objectVersion = 50;
	objects = {

/* Begin PBXBuildFile section */
		4F3B16F524DA9A220020166E /* main.mm in Sources */ = {isa = PBXBuildFile; fileRef = 4F3B16F424DA9A220020166E /* main.mm */; };
		4FB53491250C6C2B00DC9E5A /* test_constructor.cpp in Sources */ = {isa = PBXBuildFile; fileRef = 4FB5348F250C6C2B00DC9E5A /* test_constructor.cpp */; };
/* End PBXBuildFile section */

/* Begin PBXCopyFilesBuildPhase section */
		4F3B16EF24DA9A220020166E /* CopyFiles */ = {
			isa = PBXCopyFilesBuildPhase;
			buildActionMask = 2147483647;
			dstPath = /usr/share/man/man1/;
			dstSubfolderSpec = 0;
			files = (
			);
			runOnlyForDeploymentPostprocessing = 1;
		};
/* End PBXCopyFilesBuildPhase section */

/* Begin PBXFileReference section */
		4F3B16F124DA9A220020166E /* TestAny */ = {isa = PBXFileReference; explicitFileType = "compiled.mach-o.executable"; includeInIndex = 0; path = TestAny; sourceTree = BUILT_PRODUCTS_DIR; };
		4F3B16F424DA9A220020166E /* main.mm */ = {isa = PBXFileReference; lastKnownFileType = sourcecode.cpp.objcpp; path = main.mm; sourceTree = "<group>"; };
		4FB53481250C6BE400DC9E5A /* pthread_test.hpp */ = {isa = PBXFileReference; lastKnownFileType = sourcecode.cpp.h; path = pthread_test.hpp; sourceTree = "<group>"; };
		4FB53482250C6BE400DC9E5A /* yymodel_test.h */ = {isa = PBXFileReference; lastKnownFileType = sourcecode.c.h; path = yymodel_test.h; sourceTree = "<group>"; };
		4FB53483250C6BE400DC9E5A /* sort_algorithm.cpp */ = {isa = PBXFileReference; lastKnownFileType = sourcecode.cpp.cpp; path = sort_algorithm.cpp; sourceTree = "<group>"; };
		4FB53484250C6BE400DC9E5A /* corefoundation_test.m */ = {isa = PBXFileReference; lastKnownFileType = sourcecode.c.objc; path = corefoundation_test.m; sourceTree = "<group>"; };
		4FB53485250C6BE400DC9E5A /* utf8_encoding.c */ = {isa = PBXFileReference; lastKnownFileType = sourcecode.c.c; path = utf8_encoding.c; sourceTree = "<group>"; };
		4FB53486250C6BE400DC9E5A /* AVLTree.hpp */ = {isa = PBXFileReference; lastKnownFileType = sourcecode.cpp.h; path = AVLTree.hpp; sourceTree = "<group>"; };
		4FB53487250C6BE400DC9E5A /* other_test.c */ = {isa = PBXFileReference; lastKnownFileType = sourcecode.c.c; path = other_test.c; sourceTree = "<group>"; };
		4FB53488250C6BE400DC9E5A /* yymodel_test.m */ = {isa = PBXFileReference; lastKnownFileType = sourcecode.c.objc; path = yymodel_test.m; sourceTree = "<group>"; };
		4FB53489250C6BE400DC9E5A /* sort_algorithm.hpp */ = {isa = PBXFileReference; lastKnownFileType = sourcecode.cpp.h; path = sort_algorithm.hpp; sourceTree = "<group>"; };
		4FB5348A250C6BE400DC9E5A /* AVLTree.cpp */ = {isa = PBXFileReference; lastKnownFileType = sourcecode.cpp.cpp; path = AVLTree.cpp; sourceTree = "<group>"; };
		4FB5348B250C6BE400DC9E5A /* pthread_test.cpp */ = {isa = PBXFileReference; lastKnownFileType = sourcecode.cpp.cpp; path = pthread_test.cpp; sourceTree = "<group>"; };
		4FB5348C250C6BE400DC9E5A /* utf8_encoding.h */ = {isa = PBXFileReference; lastKnownFileType = sourcecode.c.h; path = utf8_encoding.h; sourceTree = "<group>"; };
		4FB5348D250C6BE400DC9E5A /* corefoundation_test.h */ = {isa = PBXFileReference; lastKnownFileType = sourcecode.c.h; path = corefoundation_test.h; sourceTree = "<group>"; };
		4FB5348E250C6BE400DC9E5A /* other_test.h */ = {isa = PBXFileReference; lastKnownFileType = sourcecode.c.h; path = other_test.h; sourceTree = "<group>"; };
		4FB5348F250C6C2B00DC9E5A /* test_constructor.cpp */ = {isa = PBXFileReference; lastKnownFileType = sourcecode.cpp.cpp; path = test_constructor.cpp; sourceTree = "<group>"; };
		4FB53490250C6C2B00DC9E5A /* test_constructor.hpp */ = {isa = PBXFileReference; lastKnownFileType = sourcecode.cpp.h; path = test_constructor.hpp; sourceTree = "<group>"; };
/* End PBXFileReference section */

/* Begin PBXFrameworksBuildPhase section */
		4F3B16EE24DA9A220020166E /* Frameworks */ = {
			isa = PBXFrameworksBuildPhase;
			buildActionMask = 2147483647;
			files = (
			);
			runOnlyForDeploymentPostprocessing = 0;
		};
/* End PBXFrameworksBuildPhase section */

/* Begin PBXGroup section */
		4F3B16E824DA9A220020166E = {
			isa = PBXGroup;
			children = (
				4F3B16F324DA9A220020166E /* TestAny */,
				4F3B16F224DA9A220020166E /* Products */,
				4F50060F24EF9BCF005ECA72 /* Frameworks */,
			);
			sourceTree = "<group>";
		};
		4F3B16F224DA9A220020166E /* Products */ = {
			isa = PBXGroup;
			children = (
				4F3B16F124DA9A220020166E /* TestAny */,
			);
			name = Products;
			sourceTree = "<group>";
		};
		4F3B16F324DA9A220020166E /* TestAny */ = {
			isa = PBXGroup;
			children = (
				4FB53480250C6BE400DC9E5A /* september */,
				4F3B16F424DA9A220020166E /* main.mm */,
			);
			path = TestAny;
			sourceTree = "<group>";
		};
		4F50060F24EF9BCF005ECA72 /* Frameworks */ = {
			isa = PBXGroup;
			children = (
			);
			name = Frameworks;
			sourceTree = "<group>";
		};
		4FB53480250C6BE400DC9E5A /* september */ = {
			isa = PBXGroup;
			children = (
				4FB5348A250C6BE400DC9E5A /* AVLTree.cpp */,
				4FB53486250C6BE400DC9E5A /* AVLTree.hpp */,
				4FB5348D250C6BE400DC9E5A /* corefoundation_test.h */,
				4FB53484250C6BE400DC9E5A /* corefoundation_test.m */,
				4FB53487250C6BE400DC9E5A /* other_test.c */,
				4FB5348E250C6BE400DC9E5A /* other_test.h */,
				4FB5348B250C6BE400DC9E5A /* pthread_test.cpp */,
				4FB53481250C6BE400DC9E5A /* pthread_test.hpp */,
				4FB53483250C6BE400DC9E5A /* sort_algorithm.cpp */,
				4FB53489250C6BE400DC9E5A /* sort_algorithm.hpp */,
				4FB5348F250C6C2B00DC9E5A /* test_constructor.cpp */,
				4FB53490250C6C2B00DC9E5A /* test_constructor.hpp */,
				4FB53485250C6BE400DC9E5A /* utf8_encoding.c */,
				4FB5348C250C6BE400DC9E5A /* utf8_encoding.h */,
				4FB53482250C6BE400DC9E5A /* yymodel_test.h */,
				4FB53488250C6BE400DC9E5A /* yymodel_test.m */,
			);
			path = september;
			sourceTree = "<group>";
		};
/* End PBXGroup section */

/* Begin PBXNativeTarget section */
		4F3B16F024DA9A220020166E /* TestAny */ = {
			isa = PBXNativeTarget;
			buildConfigurationList = 4F3B16F824DA9A220020166E /* Build configuration list for PBXNativeTarget "TestAny" */;
			buildPhases = (
				4F3B16ED24DA9A220020166E /* Sources */,
				4F3B16EE24DA9A220020166E /* Frameworks */,
				4F3B16EF24DA9A220020166E /* CopyFiles */,
			);
			buildRules = (
			);
			dependencies = (
			);
			name = TestAny;
			productName = TestAny;
			productReference = 4F3B16F124DA9A220020166E /* TestAny */;
			productType = "com.apple.product-type.tool";
		};
/* End PBXNativeTarget section */

/* Begin PBXProject section */
		4F3B16E924DA9A220020166E /* Project object */ = {
			isa = PBXProject;
			attributes = {
				LastUpgradeCheck = 1160;
				ORGANIZATIONNAME = delims;
				TargetAttributes = {
					4F3B16F024DA9A220020166E = {
						CreatedOnToolsVersion = 11.6;
					};
				};
			};
			buildConfigurationList = 4F3B16EC24DA9A220020166E /* Build configuration list for PBXProject "TestAny" */;
			compatibilityVersion = "Xcode 9.3";
			developmentRegion = en;
			hasScannedForEncodings = 0;
			knownRegions = (
				en,
				Base,
			);
			mainGroup = 4F3B16E824DA9A220020166E;
			productRefGroup = 4F3B16F224DA9A220020166E /* Products */;
			projectDirPath = "";
			projectRoot = "";
			targets = (
				4F3B16F024DA9A220020166E /* TestAny */,
			);
		};
/* End PBXProject section */

/* Begin PBXSourcesBuildPhase section */
		4F3B16ED24DA9A220020166E /* Sources */ = {
			isa = PBXSourcesBuildPhase;
			buildActionMask = 2147483647;
			files = (
				4FB53491250C6C2B00DC9E5A /* test_constructor.cpp in Sources */,
				4F3B16F524DA9A220020166E /* main.mm in Sources */,
			);
			runOnlyForDeploymentPostprocessing = 0;
		};
/* End PBXSourcesBuildPhase section */

/* Begin XCBuildConfiguration section */
		4F3B16F624DA9A220020166E /* Debug */ = {
			isa = XCBuildConfiguration;
			buildSettings = {
				ALWAYS_SEARCH_USER_PATHS = NO;
				CLANG_ANALYZER_NONNULL = YES;
				CLANG_ANALYZER_NUMBER_OBJECT_CONVERSION = YES_AGGRESSIVE;
				CLANG_CXX_LANGUAGE_STANDARD = "gnu++14";
				CLANG_CXX_LIBRARY = "libc++";
				CLANG_ENABLE_MODULES = YES;
				CLANG_ENABLE_OBJC_ARC = YES;
				CLANG_ENABLE_OBJC_WEAK = YES;
				CLANG_WARN_BLOCK_CAPTURE_AUTORELEASING = YES;
				CLANG_WARN_BOOL_CONVERSION = YES;
				CLANG_WARN_COMMA = YES;
				CLANG_WARN_CONSTANT_CONVERSION = YES;
				CLANG_WARN_DEPRECATED_OBJC_IMPLEMENTATIONS = YES;
				CLANG_WARN_DIRECT_OBJC_ISA_USAGE = YES_ERROR;
				CLANG_WARN_DOCUMENTATION_COMMENTS = YES;
				CLANG_WARN_EMPTY_BODY = YES;
				CLANG_WARN_ENUM_CONVERSION = YES;
				CLANG_WARN_INFINITE_RECURSION = YES;
				CLANG_WARN_INT_CONVERSION = YES;
				CLANG_WARN_NON_LITERAL_NULL_CONVERSION = YES;
				CLANG_WARN_OBJC_IMPLICIT_RETAIN_SELF = YES;
				CLANG_WARN_OBJC_LITERAL_CONVERSION = YES;
				CLANG_WARN_OBJC_ROOT_CLASS = YES_ERROR;
				CLANG_WARN_RANGE_LOOP_ANALYSIS = YES;
				CLANG_WARN_STRICT_PROTOTYPES = YES;
				CLANG_WARN_SUSPICIOUS_MOVE = YES;
				CLANG_WARN_UNGUARDED_AVAILABILITY = YES_AGGRESSIVE;
				CLANG_WARN_UNREACHABLE_CODE = YES;
				CLANG_WARN__DUPLICATE_METHOD_MATCH = YES;
				COPY_PHASE_STRIP = NO;
				DEBUG_INFORMATION_FORMAT = dwarf;
				ENABLE_STRICT_OBJC_MSGSEND = YES;
				ENABLE_TESTABILITY = YES;
				GCC_C_LANGUAGE_STANDARD = gnu11;
				GCC_DYNAMIC_NO_PIC = NO;
				GCC_NO_COMMON_BLOCKS = YES;
				GCC_OPTIMIZATION_LEVEL = 0;
				GCC_PREPROCESSOR_DEFINITIONS = (
					"DEBUG=1",
					"$(inherited)",
				);
				GCC_WARN_64_TO_32_BIT_CONVERSION = YES;
				GCC_WARN_ABOUT_RETURN_TYPE = YES_ERROR;
				GCC_WARN_UNDECLARED_SELECTOR = YES;
				GCC_WARN_UNINITIALIZED_AUTOS = YES_AGGRESSIVE;
				GCC_WARN_UNUSED_FUNCTION = YES;
				GCC_WARN_UNUSED_VARIABLE = YES;
				MACOSX_DEPLOYMENT_TARGET = 10.15;
				MTL_ENABLE_DEBUG_INFO = INCLUDE_SOURCE;
				MTL_FAST_MATH = YES;
				ONLY_ACTIVE_ARCH = YES;
				SDKROOT = macosx;
			};
			name = Debug;
		};
		4F3B16F724DA9A220020166E /* Release */ = {
			isa = XCBuildConfiguration;
			buildSettings = {
				ALWAYS_SEARCH_USER_PATHS = NO;
				CLANG_ANALYZER_NONNULL = YES;
				CLANG_ANALYZER_NUMBER_OBJECT_CONVERSION = YES_AGGRESSIVE;
				CLANG_CXX_LANGUAGE_STANDARD = "gnu++14";
				CLANG_CXX_LIBRARY = "libc++";
				CLANG_ENABLE_MODULES = YES;
				CLANG_ENABLE_OBJC_ARC = YES;
				CLANG_ENABLE_OBJC_WEAK = YES;
				CLANG_WARN_BLOCK_CAPTURE_AUTORELEASING = YES;
				CLANG_WARN_BOOL_CONVERSION = YES;
				CLANG_WARN_COMMA = YES;
				CLANG_WARN_CONSTANT_CONVERSION = YES;
				CLANG_WARN_DEPRECATED_OBJC_IMPLEMENTATIONS = YES;
				CLANG_WARN_DIRECT_OBJC_ISA_USAGE = YES_ERROR;
				CLANG_WARN_DOCUMENTATION_COMMENTS = YES;
				CLANG_WARN_EMPTY_BODY = YES;
				CLANG_WARN_ENUM_CONVERSION = YES;
				CLANG_WARN_INFINITE_RECURSION = YES;
				CLANG_WARN_INT_CONVERSION = YES;
				CLANG_WARN_NON_LITERAL_NULL_CONVERSION = YES;
				CLANG_WARN_OBJC_IMPLICIT_RETAIN_SELF = YES;
				CLANG_WARN_OBJC_LITERAL_CONVERSION = YES;
				CLANG_WARN_OBJC_ROOT_CLASS = YES_ERROR;
				CLANG_WARN_RANGE_LOOP_ANALYSIS = YES;
				CLANG_WARN_STRICT_PROTOTYPES = YES;
				CLANG_WARN_SUSPICIOUS_MOVE = YES;
				CLANG_WARN_UNGUARDED_AVAILABILITY = YES_AGGRESSIVE;
				CLANG_WARN_UNREACHABLE_CODE = YES;
				CLANG_WARN__DUPLICATE_METHOD_MATCH = YES;
				COPY_PHASE_STRIP = NO;
				DEBUG_INFORMATION_FORMAT = "dwarf-with-dsym";
				ENABLE_NS_ASSERTIONS = NO;
				ENABLE_STRICT_OBJC_MSGSEND = YES;
				GCC_C_LANGUAGE_STANDARD = gnu11;
				GCC_NO_COMMON_BLOCKS = YES;
				GCC_WARN_64_TO_32_BIT_CONVERSION = YES;
				GCC_WARN_ABOUT_RETURN_TYPE = YES_ERROR;
				GCC_WARN_UNDECLARED_SELECTOR = YES;
				GCC_WARN_UNINITIALIZED_AUTOS = YES_AGGRESSIVE;
				GCC_WARN_UNUSED_FUNCTION = YES;
				GCC_WARN_UNUSED_VARIABLE = YES;
				MACOSX_DEPLOYMENT_TARGET = 10.15;
				MTL_ENABLE_DEBUG_INFO = NO;
				MTL_FAST_MATH = YES;
				SDKROOT = macosx;
			};
			name = Release;
		};
		4F3B16F924DA9A220020166E /* Debug */ = {
			isa = XCBuildConfiguration;
			buildSettings = {
				CODE_SIGN_STYLE = Automatic;
				DEVELOPMENT_TEAM = 79YNH6CFRS;
				ENABLE_HARDENED_RUNTIME = YES;
				PRODUCT_NAME = "$(TARGET_NAME)";
			};
			name = Debug;
		};
		4F3B16FA24DA9A220020166E /* Release */ = {
			isa = XCBuildConfiguration;
			buildSettings = {
				CODE_SIGN_STYLE = Automatic;
				DEVELOPMENT_TEAM = 79YNH6CFRS;
				ENABLE_HARDENED_RUNTIME = YES;
				PRODUCT_NAME = "$(TARGET_NAME)";
			};
			name = Release;
		};
/* End XCBuildConfiguration section */

/* Begin XCConfigurationList section */
		4F3B16EC24DA9A220020166E /* Build configuration list for PBXProject "TestAny" */ = {
			isa = XCConfigurationList;
			buildConfigurations = (
				4F3B16F624DA9A220020166E /* Debug */,
				4F3B16F724DA9A220020166E /* Release */,
			);
			defaultConfigurationIsVisible = 0;
			defaultConfigurationName = Release;
		};
		4F3B16F824DA9A220020166E /* Build configuration list for PBXNativeTarget "TestAny" */ = {
			isa = XCConfigurationList;
			buildConfigurations = (
				4F3B16F924DA9A220020166E /* Debug */,
				4F3B16FA24DA9A220020166E /* Release */,
			);
			defaultConfigurationIsVisible = 0;
			defaultConfigurationName = Release;
		};
/* End XCConfigurationList section */
	};
	rootObject = 4F3B16E924DA9A220020166E /* Project object */;
}
